
Microsoft Visual Studio Solution File, Format Version 12.00
# Visual Studio Version 17
VisualStudioVersion = 17.14.36414.22
MinimumVisualStudioVersion = 10.0.40219.1
Project("{2150E333-8FDC-42A3-9474-1A3956D46DE8}") = "Task0", "Task0", "{36D591C7-65C7-A0D1-1CBC-10CDE441BDC8}"
EndProject
Project("{FAE04EC0-301F-11D3-BF4B-00C04F79EFBC}") = "Tyuiu.PupovAA.Sprint5.Task0.V9", "Tyuiu.PupovAA.Sprint5.Task0.V9\Tyuiu.PupovAA.Sprint5.Task0.V9.csproj", "{30FACAD8-2F8A-4B59-9314-1180A881FCA3}"
EndProject
Project("{FAE04EC0-301F-11D3-BF4B-00C04F79EFBC}") = "Tyuiu.PupovAA.Sprint5.Task0.V9.Lib", "Tyuiu.PupovAA.Sprint5.Task0.V9.Lib\Tyuiu.PupovAA.Sprint5.Task0.V9.Lib.csproj", "{00194255-5227-46D5-AA6F-65B82C65F67E}"
EndProject
Project("{FAE04EC0-301F-11D3-BF4B-00C04F79EFBC}") = "Tyuiu.PupovAA.Sprint5.Task0.V9.Test", "Tyuiu.PupovAA.Sprint5.Task0.V9.Test\Tyuiu.PupovAA.Sprint5.Task0.V9.Test.csproj", "{83B2BEEC-4DF0-43C5-9EF7-B5E475D0CDE2}"
EndProject
Project("{2150E333-8FDC-42A3-9474-1A3956D46DE8}") = "Task1", "Task1", "{70BFF062-E78F-421F-AA6E-E04B5B644586}"
EndProject
Project("{FAE04EC0-301F-11D3-BF4B-00C04F79EFBC}") = "Tyuiu.PupovAA.Sprint5.Task1.V22", "Tyuiu.PupovAA.Sprint5.Task1.V22\Tyuiu.PupovAA.Sprint5.Task1.V22.csproj", "{6A22CF43-0BFE-4322-B403-15357CAA168A}"
EndProject
Project("{FAE04EC0-301F-11D3-BF4B-00C04F79EFBC}") = "Tyuiu.PupovAA.Sprint5.Task1.V22.Lib", "Tyuiu.PupovAA.Sprint5.Task1.V22.Lib\Tyuiu.PupovAA.Sprint5.Task1.V22.Lib.csproj", "{77955B28-B1BF-4A72-9907-C55FBCDC918C}"
EndProject
Project("{FAE04EC0-301F-11D3-BF4B-00C04F79EFBC}") = "Tyuiu.PupovAA.Sprint5.Task1.V22.Test", "Tyuiu.PupovAA.Sprint5.Task1.V22.Test\Tyuiu.PupovAA.Sprint5.Task1.V22.Test.csproj", "{53D1D9D6-6A40-4708-8570-658231C62C18}"
EndProject
Project("{2150E333-8FDC-42A3-9474-1A3956D46DE8}") = "Task2", "Task2", "{4D27DFC9-1290-41BF-A4FC-90F1A0896F57}"
EndProject
Project("{FAE04EC0-301F-11D3-BF4B-00C04F79EFBC}") = "Tyuiu.PupovAA.Sprint5.Task2.V12", "Tyuiu.PupovAA.Sprint5.Task2.V12\Tyuiu.PupovAA.Sprint5.Task2.V12.csproj", "{B90E9FCC-C36B-40D0-8E10-A145DB61E62B}"
EndProject
Project("{FAE04EC0-301F-11D3-BF4B-00C04F79EFBC}") = "Tyuiu.PupovAA.Sprint5.Task2.V12.Lib", "Tyuiu.PupovAA.Sprint5.Task2.V12.Lib\Tyuiu.PupovAA.Sprint5.Task2.V12.Lib.csproj", "{8C6908B1-9EB4-4FB8-806E-08CD23FAC79B}"
EndProject
Project("{FAE04EC0-301F-11D3-BF4B-00C04F79EFBC}") = "Tyuiu.PupovAA.Sprint5.Task2.V12.Test", "Tyuiu.PupovAA.Sprint5.Task2.V12.Test\Tyuiu.PupovAA.Sprint5.Task2.V12.Test.csproj", "{CFB5661A-2B89-4937-A337-76EE44F7964E}"
EndProject
Project("{2150E333-8FDC-42A3-9474-1A3956D46DE8}") = "Task3", "Task3", "{0FE81A54-5CF5-4756-8CEF-19EB4E6A0DDC}"
EndProject
Project("{FAE04EC0-301F-11D3-BF4B-00C04F79EFBC}") = "Tyuiu.PupovAA.Sprint5.Task3.V9", "Tyuiu.PupovAA.Sprint5.Task3.V9\Tyuiu.PupovAA.Sprint5.Task3.V9.csproj", "{1FF5512A-156E-48F6-B8D6-90E2803C9626}"
EndProject
Project("{FAE04EC0-301F-11D3-BF4B-00C04F79EFBC}") = "Tyuiu.PupovAA.Sprint5.Task3.V9.Lib", "Tyuiu.PupovAA.Sprint5.Task3.V9.Lib\Tyuiu.PupovAA.Sprint5.Task3.V9.Lib.csproj", "{4FB55F27-98AD-4E45-A022-F3EC6AADB1CD}"
EndProject
Project("{FAE04EC0-301F-11D3-BF4B-00C04F79EFBC}") = "Tyuiu.PupovAA.Sprint5.Task3.V9.Test", "Tyuiu.PupovAA.Sprint5.Task3.V9.Test\Tyuiu.PupovAA.Sprint5.Task3.V9.Test.csproj", "{A0F81454-FAF2-47D8-9AB7-3CA5C48C31E3}"
EndProject
Project("{2150E333-8FDC-42A3-9474-1A3956D46DE8}") = "Task4", "Task4", "{8F5995D6-969F-4C7B-9B36-43BF81833AA8}"
EndProject
Project("{FAE04EC0-301F-11D3-BF4B-00C04F79EFBC}") = "Tyuiu.PupovAA.Sprint5.Task4.V13", "Tyuiu.PupovAA.Sprint5.Task4.V13\Tyuiu.PupovAA.Sprint5.Task4.V13.csproj", "{30589FED-F55D-4750-A5AF-55523071690D}"
EndProject
Project("{FAE04EC0-301F-11D3-BF4B-00C04F79EFBC}") = "Tyuiu.PupovAA.Sprint5.Task4.V13.Lib", "Tyuiu.PupovAA.Sprint5.Task4.V13.Lib\Tyuiu.PupovAA.Sprint5.Task4.V13.Lib.csproj", "{B0575841-6B2B-4F31-B810-5DDA570C042A}"
EndProject
Project("{FAE04EC0-301F-11D3-BF4B-00C04F79EFBC}") = "Tyuiu.PupovAA.Sprint5.Task4.V13.Test", "Tyuiu.PupovAA.Sprint5.Task4.V13.Test\Tyuiu.PupovAA.Sprint5.Task4.V13.Test.csproj", "{3C1ADEB3-182B-4173-AADF-66483A5B2FFD}"
EndProject
Project("{2150E333-8FDC-42A3-9474-1A3956D46DE8}") = "Task5", "Task5", "{BDF00AB9-5E48-4BEC-84C9-657C553CEB72}"
EndProject
Project("{FAE04EC0-301F-11D3-BF4B-00C04F79EFBC}") = "Tyuiu.PupovAA.Sprint5.Task5.V16", "Tyuiu.PupovAA.Sprint5.Task5.V16\Tyuiu.PupovAA.Sprint5.Task5.V16.csproj", "{ACB8E0AF-630B-4756-9F2B-2FC635F88A59}"
EndProject
Project("{FAE04EC0-301F-11D3-BF4B-00C04F79EFBC}") = "Tyuiu.PupovAA.Sprint5.Task5.V16.Lib", "Tyuiu.PupovAA.Sprint5.Task5.V16.Lib\Tyuiu.PupovAA.Sprint5.Task5.V16.Lib.csproj", "{01D36E91-CB9F-45BC-B7E5-85F332E689C9}"
EndProject
Project("{FAE04EC0-301F-11D3-BF4B-00C04F79EFBC}") = "Tyuiu.PupovAA.Sprint5.Task5.V16.Test", "Tyuiu.PupovAA.Sprint5.Task5.V16.Test\Tyuiu.PupovAA.Sprint5.Task5.V16.Test.csproj", "{D5431545-AC99-44CD-BC5E-83B4FD64E223}"
EndProject
Project("{2150E333-8FDC-42A3-9474-1A3956D46DE8}") = "Task6", "Task6", "{5B4A7212-387E-4E25-A862-FA1A0880803B}"
EndProject
Project("{FAE04EC0-301F-11D3-BF4B-00C04F79EFBC}") = "Tyuiu.PupovAA.Sprint5.Task6.V11", "Tyuiu.PupovAA.Sprint5.Task6.V11\Tyuiu.PupovAA.Sprint5.Task6.V11.csproj", "{EB2DDE1C-7032-450D-91F6-B0CECE9396AA}"
EndProject
Project("{FAE04EC0-301F-11D3-BF4B-00C04F79EFBC}") = "Tyuiu.PupovAA.Sprint5.Task6.V11.Lib", "Tyuiu.PupovAA.Sprint5.Task6.V11.Lib\Tyuiu.PupovAA.Sprint5.Task6.V11.Lib.csproj", "{8D5AD901-67F6-4D25-AB97-5CE23139635E}"
EndProject
Project("{FAE04EC0-301F-11D3-BF4B-00C04F79EFBC}") = "Tyuiu.PupovAA.Sprint5.Task6.V11.Test", "Tyuiu.PupovAA.Sprint5.Task6.V11.Test\Tyuiu.PupovAA.Sprint5.Task6.V11.Test.csproj", "{C3F8F1C0-F450-4475-9B91-FE1940817837}"
EndProject
Global
	GlobalSection(SolutionConfigurationPlatforms) = preSolution
		Debug|Any CPU = Debug|Any CPU
		Release|Any CPU = Release|Any CPU
	EndGlobalSection
	GlobalSection(ProjectConfigurationPlatforms) = postSolution
		{30FACAD8-2F8A-4B59-9314-1180A881FCA3}.Debug|Any CPU.ActiveCfg = Debug|Any CPU
		{30FACAD8-2F8A-4B59-9314-1180A881FCA3}.Debug|Any CPU.Build.0 = Debug|Any CPU
		{30FACAD8-2F8A-4B59-9314-1180A881FCA3}.Release|Any CPU.ActiveCfg = Release|Any CPU
		{30FACAD8-2F8A-4B59-9314-1180A881FCA3}.Release|Any CPU.Build.0 = Release|Any CPU
		{00194255-5227-46D5-AA6F-65B82C65F67E}.Debug|Any CPU.ActiveCfg = Debug|Any CPU
		{00194255-5227-46D5-AA6F-65B82C65F67E}.Debug|Any CPU.Build.0 = Debug|Any CPU
		{00194255-5227-46D5-AA6F-65B82C65F67E}.Release|Any CPU.ActiveCfg = Release|Any CPU
		{00194255-5227-46D5-AA6F-65B82C65F67E}.Release|Any CPU.Build.0 = Release|Any CPU
		{83B2BEEC-4DF0-43C5-9EF7-B5E475D0CDE2}.Debug|Any CPU.ActiveCfg = Debug|Any CPU
		{83B2BEEC-4DF0-43C5-9EF7-B5E475D0CDE2}.Debug|Any CPU.Build.0 = Debug|Any CPU
		{83B2BEEC-4DF0-43C5-9EF7-B5E475D0CDE2}.Release|Any CPU.ActiveCfg = Release|Any CPU
		{83B2BEEC-4DF0-43C5-9EF7-B5E475D0CDE2}.Release|Any CPU.Build.0 = Release|Any CPU
		{6A22CF43-0BFE-4322-B403-15357CAA168A}.Debug|Any CPU.ActiveCfg = Debug|Any CPU
		{6A22CF43-0BFE-4322-B403-15357CAA168A}.Debug|Any CPU.Build.0 = Debug|Any CPU
		{6A22CF43-0BFE-4322-B403-15357CAA168A}.Release|Any CPU.ActiveCfg = Release|Any CPU
		{6A22CF43-0BFE-4322-B403-15357CAA168A}.Release|Any CPU.Build.0 = Release|Any CPU
		{77955B28-B1BF-4A72-9907-C55FBCDC918C}.Debug|Any CPU.ActiveCfg = Debug|Any CPU
		{77955B28-B1BF-4A72-9907-C55FBCDC918C}.Debug|Any CPU.Build.0 = Debug|Any CPU
		{77955B28-B1BF-4A72-9907-C55FBCDC918C}.Release|Any CPU.ActiveCfg = Release|Any CPU
		{77955B28-B1BF-4A72-9907-C55FBCDC918C}.Release|Any CPU.Build.0 = Release|Any CPU
		{53D1D9D6-6A40-4708-8570-658231C62C18}.Debug|Any CPU.ActiveCfg = Debug|Any CPU
		{53D1D9D6-6A40-4708-8570-658231C62C18}.Debug|Any CPU.Build.0 = Debug|Any CPU
		{53D1D9D6-6A40-4708-8570-658231C62C18}.Release|Any CPU.ActiveCfg = Release|Any CPU
		{53D1D9D6-6A40-4708-8570-658231C62C18}.Release|Any CPU.Build.0 = Release|Any CPU
		{B90E9FCC-C36B-40D0-8E10-A145DB61E62B}.Debug|Any CPU.ActiveCfg = Debug|Any CPU
		{B90E9FCC-C36B-40D0-8E10-A145DB61E62B}.Debug|Any CPU.Build.0 = Debug|Any CPU
		{B90E9FCC-C36B-40D0-8E10-A145DB61E62B}.Release|Any CPU.ActiveCfg = Release|Any CPU
		{B90E9FCC-C36B-40D0-8E10-A145DB61E62B}.Release|Any CPU.Build.0 = Release|Any CPU
		{8C6908B1-9EB4-4FB8-806E-08CD23FAC79B}.Debug|Any CPU.ActiveCfg = Debug|Any CPU
		{8C6908B1-9EB4-4FB8-806E-08CD23FAC79B}.Debug|Any CPU.Build.0 = Debug|Any CPU
		{8C6908B1-9EB4-4FB8-806E-08CD23FAC79B}.Release|Any CPU.ActiveCfg = Release|Any CPU
		{8C6908B1-9EB4-4FB8-806E-08CD23FAC79B}.Release|Any CPU.Build.0 = Release|Any CPU
		{CFB5661A-2B89-4937-A337-76EE44F7964E}.Debug|Any CPU.ActiveCfg = Debug|Any CPU
		{CFB5661A-2B89-4937-A337-76EE44F7964E}.Debug|Any CPU.Build.0 = Debug|Any CPU
		{CFB5661A-2B89-4937-A337-76EE44F7964E}.Release|Any CPU.ActiveCfg = Release|Any CPU
		{CFB5661A-2B89-4937-A337-76EE44F7964E}.Release|Any CPU.Build.0 = Release|Any CPU
		{1FF5512A-156E-48F6-B8D6-90E2803C9626}.Debug|Any CPU.ActiveCfg = Debug|Any CPU
		{1FF5512A-156E-48F6-B8D6-90E2803C9626}.Debug|Any CPU.Build.0 = Debug|Any CPU
		{1FF5512A-156E-48F6-B8D6-90E2803C9626}.Release|Any CPU.ActiveCfg = Release|Any CPU
		{1FF5512A-156E-48F6-B8D6-90E2803C9626}.Release|Any CPU.Build.0 = Release|Any CPU
		{4FB55F27-98AD-4E45-A022-F3EC6AADB1CD}.Debug|Any CPU.ActiveCfg = Debug|Any CPU
		{4FB55F27-98AD-4E45-A022-F3EC6AADB1CD}.Debug|Any CPU.Build.0 = Debug|Any CPU
		{4FB55F27-98AD-4E45-A022-F3EC6AADB1CD}.Release|Any CPU.ActiveCfg = Release|Any CPU
		{4FB55F27-98AD-4E45-A022-F3EC6AADB1CD}.Release|Any CPU.Build.0 = Release|Any CPU
		{A0F81454-FAF2-47D8-9AB7-3CA5C48C31E3}.Debug|Any CPU.ActiveCfg = Debug|Any CPU
		{A0F81454-FAF2-47D8-9AB7-3CA5C48C31E3}.Debug|Any CPU.Build.0 = Debug|Any CPU
		{A0F81454-FAF2-47D8-9AB7-3CA5C48C31E3}.Release|Any CPU.ActiveCfg = Release|Any CPU
		{A0F81454-FAF2-47D8-9AB7-3CA5C48C31E3}.Release|Any CPU.Build.0 = Release|Any CPU
		{30589FED-F55D-4750-A5AF-55523071690D}.Debug|Any CPU.ActiveCfg = Debug|Any CPU
		{30589FED-F55D-4750-A5AF-55523071690D}.Debug|Any CPU.Build.0 = Debug|Any CPU
		{30589FED-F55D-4750-A5AF-55523071690D}.Release|Any CPU.ActiveCfg = Release|Any CPU
		{30589FED-F55D-4750-A5AF-55523071690D}.Release|Any CPU.Build.0 = Release|Any CPU
		{B0575841-6B2B-4F31-B810-5DDA570C042A}.Debug|Any CPU.ActiveCfg = Debug|Any CPU
		{B0575841-6B2B-4F31-B810-5DDA570C042A}.Debug|Any CPU.Build.0 = Debug|Any CPU
		{B0575841-6B2B-4F31-B810-5DDA570C042A}.Release|Any CPU.ActiveCfg = Release|Any CPU
		{B0575841-6B2B-4F31-B810-5DDA570C042A}.Release|Any CPU.Build.0 = Release|Any CPU
		{3C1ADEB3-182B-4173-AADF-66483A5B2FFD}.Debug|Any CPU.ActiveCfg = Debug|Any CPU
		{3C1ADEB3-182B-4173-AADF-66483A5B2FFD}.Debug|Any CPU.Build.0 = Debug|Any CPU
		{3C1ADEB3-182B-4173-AADF-66483A5B2FFD}.Release|Any CPU.ActiveCfg = Release|Any CPU
		{3C1ADEB3-182B-4173-AADF-66483A5B2FFD}.Release|Any CPU.Build.0 = Release|Any CPU
		{ACB8E0AF-630B-4756-9F2B-2FC635F88A59}.Debug|Any CPU.ActiveCfg = Debug|Any CPU
		{ACB8E0AF-630B-4756-9F2B-2FC635F88A59}.Debug|Any CPU.Build.0 = Debug|Any CPU
		{ACB8E0AF-630B-4756-9F2B-2FC635F88A59}.Release|Any CPU.ActiveCfg = Release|Any CPU
		{ACB8E0AF-630B-4756-9F2B-2FC635F88A59}.Release|Any CPU.Build.0 = Release|Any CPU
		{01D36E91-CB9F-45BC-B7E5-85F332E689C9}.Debug|Any CPU.ActiveCfg = Debug|Any CPU
		{01D36E91-CB9F-45BC-B7E5-85F332E689C9}.Debug|Any CPU.Build.0 = Debug|Any CPU
		{01D36E91-CB9F-45BC-B7E5-85F332E689C9}.Release|Any CPU.ActiveCfg = Release|Any CPU
		{01D36E91-CB9F-45BC-B7E5-85F332E689C9}.Release|Any CPU.Build.0 = Release|Any CPU
		{D5431545-AC99-44CD-BC5E-83B4FD64E223}.Debug|Any CPU.ActiveCfg = Debug|Any CPU
		{D5431545-AC99-44CD-BC5E-83B4FD64E223}.Debug|Any CPU.Build.0 = Debug|Any CPU
		{D5431545-AC99-44CD-BC5E-83B4FD64E223}.Release|Any CPU.ActiveCfg = Release|Any CPU
		{D5431545-AC99-44CD-BC5E-83B4FD64E223}.Release|Any CPU.Build.0 = Release|Any CPU
		{EB2DDE1C-7032-450D-91F6-B0CECE9396AA}.Debug|Any CPU.ActiveCfg = Debug|Any CPU
		{EB2DDE1C-7032-450D-91F6-B0CECE9396AA}.Debug|Any CPU.Build.0 = Debug|Any CPU
		{EB2DDE1C-7032-450D-91F6-B0CECE9396AA}.Release|Any CPU.ActiveCfg = Release|Any CPU
		{EB2DDE1C-7032-450D-91F6-B0CECE9396AA}.Release|Any CPU.Build.0 = Release|Any CPU
		{8D5AD901-67F6-4D25-AB97-5CE23139635E}.Debug|Any CPU.ActiveCfg = Debug|Any CPU
		{8D5AD901-67F6-4D25-AB97-5CE23139635E}.Debug|Any CPU.Build.0 = Debug|Any CPU
		{8D5AD901-67F6-4D25-AB97-5CE23139635E}.Release|Any CPU.ActiveCfg = Release|Any CPU
		{8D5AD901-67F6-4D25-AB97-5CE23139635E}.Release|Any CPU.Build.0 = Release|Any CPU
		{C3F8F1C0-F450-4475-9B91-FE1940817837}.Debug|Any CPU.ActiveCfg = Debug|Any CPU
		{C3F8F1C0-F450-4475-9B91-FE1940817837}.Debug|Any CPU.Build.0 = Debug|Any CPU
		{C3F8F1C0-F450-4475-9B91-FE1940817837}.Release|Any CPU.ActiveCfg = Release|Any CPU
		{C3F8F1C0-F450-4475-9B91-FE1940817837}.Release|Any CPU.Build.0 = Release|Any CPU
	EndGlobalSection
	GlobalSection(SolutionProperties) = preSolution
		HideSolutionNode = FALSE
	EndGlobalSection
	GlobalSection(NestedProjects) = preSolution
		{30FACAD8-2F8A-4B59-9314-1180A881FCA3} = {36D591C7-65C7-A0D1-1CBC-10CDE441BDC8}
		{00194255-5227-46D5-AA6F-65B82C65F67E} = {36D591C7-65C7-A0D1-1CBC-10CDE441BDC8}
		{83B2BEEC-4DF0-43C5-9EF7-B5E475D0CDE2} = {36D591C7-65C7-A0D1-1CBC-10CDE441BDC8}
		{6A22CF43-0BFE-4322-B403-15357CAA168A} = {70BFF062-E78F-421F-AA6E-E04B5B644586}
		{77955B28-B1BF-4A72-9907-C55FBCDC918C} = {70BFF062-E78F-421F-AA6E-E04B5B644586}
		{53D1D9D6-6A40-4708-8570-658231C62C18} = {70BFF062-E78F-421F-AA6E-E04B5B644586}
		{B90E9FCC-C36B-40D0-8E10-A145DB61E62B} = {4D27DFC9-1290-41BF-A4FC-90F1A0896F57}
		{8C6908B1-9EB4-4FB8-806E-08CD23FAC79B} = {4D27DFC9-1290-41BF-A4FC-90F1A0896F57}
		{CFB5661A-2B89-4937-A337-76EE44F7964E} = {4D27DFC9-1290-41BF-A4FC-90F1A0896F57}
		{1FF5512A-156E-48F6-B8D6-90E2803C9626} = {0FE81A54-5CF5-4756-8CEF-19EB4E6A0DDC}
		{4FB55F27-98AD-4E45-A022-F3EC6AADB1CD} = {0FE81A54-5CF5-4756-8CEF-19EB4E6A0DDC}
		{A0F81454-FAF2-47D8-9AB7-3CA5C48C31E3} = {0FE81A54-5CF5-4756-8CEF-19EB4E6A0DDC}
		{30589FED-F55D-4750-A5AF-55523071690D} = {8F5995D6-969F-4C7B-9B36-43BF81833AA8}
		{B0575841-6B2B-4F31-B810-5DDA570C042A} = {8F5995D6-969F-4C7B-9B36-43BF81833AA8}
		{3C1ADEB3-182B-4173-AADF-66483A5B2FFD} = {8F5995D6-969F-4C7B-9B36-43BF81833AA8}
		{ACB8E0AF-630B-4756-9F2B-2FC635F88A59} = {BDF00AB9-5E48-4BEC-84C9-657C553CEB72}
		{01D36E91-CB9F-45BC-B7E5-85F332E689C9} = {BDF00AB9-5E48-4BEC-84C9-657C553CEB72}
		{D5431545-AC99-44CD-BC5E-83B4FD64E223} = {BDF00AB9-5E48-4BEC-84C9-657C553CEB72}
		{EB2DDE1C-7032-450D-91F6-B0CECE9396AA} = {5B4A7212-387E-4E25-A862-FA1A0880803B}
		{8D5AD901-67F6-4D25-AB97-5CE23139635E} = {5B4A7212-387E-4E25-A862-FA1A0880803B}
		{C3F8F1C0-F450-4475-9B91-FE1940817837} = {5B4A7212-387E-4E25-A862-FA1A0880803B}
	EndGlobalSection
	GlobalSection(ExtensibilityGlobals) = postSolution
		SolutionGuid = {4BBCE156-23C6-41C0-B95E-4760E75DEBFB}
	EndGlobalSection
EndGlobal
