
Microsoft Visual Studio Solution File, Format Version 12.00
# Visual Studio Version 17
VisualStudioVersion = 17.14.36414.22 d17.14
MinimumVisualStudioVersion = 10.0.40219.1
Project("{2150E333-8FDC-42A3-9474-1A3956D46DE8}") = "Task0", "Task0", "{36D591C7-65C7-A0D1-1CBC-10CDE441BDC8}"
EndProject
Project("{FAE04EC0-301F-11D3-BF4B-00C04F79EFBC}") = "Tyuiu.PupovAA.Sprint5.Task0.V9", "Tyuiu.PupovAA.Sprint5.Task0.V9\Tyuiu.PupovAA.Sprint5.Task0.V9.csproj", "{30FACAD8-2F8A-4B59-9314-1180A881FCA3}"
EndProject
Project("{FAE04EC0-301F-11D3-BF4B-00C04F79EFBC}") = "Tyuiu.PupovAA.Sprint5.Task0.V9.Lib", "Tyuiu.PupovAA.Sprint5.Task0.V9.Lib\Tyuiu.PupovAA.Sprint5.Task0.V9.Lib.csproj", "{00194255-5227-46D5-AA6F-65B82C65F67E}"
EndProject
Project("{FAE04EC0-301F-11D3-BF4B-00C04F79EFBC}") = "Tyuiu.PupovAA.Sprint5.Task0.V9.Test", "Tyuiu.PupovAA.Sprint5.Task0.V9.Test\Tyuiu.PupovAA.Sprint5.Task0.V9.Test.csproj", "{83B2BEEC-4DF0-43C5-9EF7-B5E475D0CDE2}"
EndProject
Project("{2150E333-8FDC-42A3-9474-1A3956D46DE8}") = "Task1", "Task1", "{70BFF062-E78F-421F-AA6E-E04B5B644586}"
EndProject
Project("{FAE04EC0-301F-11D3-BF4B-00C04F79EFBC}") = "Tyuiu.PupovAA.Sprint5.Task1.V22", "Tyuiu.PupovAA.Sprint5.Task1.V22\Tyuiu.PupovAA.Sprint5.Task1.V22.csproj", "{6A22CF43-0BFE-4322-B403-15357CAA168A}"
EndProject
Project("{FAE04EC0-301F-11D3-BF4B-00C04F79EFBC}") = "Tyuiu.PupovAA.Sprint5.Task1.V22.Lib", "Tyuiu.PupovAA.Sprint5.Task1.V22.Lib\Tyuiu.PupovAA.Sprint5.Task1.V22.Lib.csproj", "{77955B28-B1BF-4A72-9907-C55FBCDC918C}"
EndProject
Project("{FAE04EC0-301F-11D3-BF4B-00C04F79EFBC}") = "Tyuiu.PupovAA.Sprint5.Task1.V22.Test", "Tyuiu.PupovAA.Sprint5.Task1.V22.Test\Tyuiu.PupovAA.Sprint5.Task1.V22.Test.csproj", "{53D1D9D6-6A40-4708-8570-658231C62C18}"
EndProject
Project("{2150E333-8FDC-42A3-9474-1A3956D46DE8}") = "Task2", "Task2", "{4D27DFC9-1290-41BF-A4FC-90F1A0896F57}"
EndProject
Project("{FAE04EC0-301F-11D3-BF4B-00C04F79EFBC}") = "Tyuiu.PupovAA.Sprint5.Task2.V12", "Tyuiu.PupovAA.Sprint5.Task2.V12\Tyuiu.PupovAA.Sprint5.Task2.V12.csproj", "{B90E9FCC-C36B-40D0-8E10-A145DB61E62B}"
EndProject
Project("{FAE04EC0-301F-11D3-BF4B-00C04F79EFBC}") = "Tyuiu.PupovAA.Sprint5.Task2.V12.Lib", "Tyuiu.PupovAA.Sprint5.Task2.V12.Lib\Tyuiu.PupovAA.Sprint5.Task2.V12.Lib.csproj", "{8C6908B1-9EB4-4FB8-806E-08CD23FAC79B}"
EndProject
Project("{FAE04EC0-301F-11D3-BF4B-00C04F79EFBC}") = "Tyuiu.PupovAA.Sprint5.Task2.V12.Test", "Tyuiu.PupovAA.Sprint5.Task2.V12.Test\Tyuiu.PupovAA.Sprint5.Task2.V12.Test.csproj", "{CFB5661A-2B89-4937-A337-76EE44F7964E}"
EndProject
Global
	GlobalSection(SolutionConfigurationPlatforms) = preSolution
		Debug|Any CPU = Debug|Any CPU
		Release|Any CPU = Release|Any CPU
	EndGlobalSection
	GlobalSection(ProjectConfigurationPlatforms) = postSolution
		{30FACAD8-2F8A-4B59-9314-1180A881FCA3}.Debug|Any CPU.ActiveCfg = Debug|Any CPU
		{30FACAD8-2F8A-4B59-9314-1180A881FCA3}.Debug|Any CPU.Build.0 = Debug|Any CPU
		{30FACAD8-2F8A-4B59-9314-1180A881FCA3}.Release|Any CPU.ActiveCfg = Release|Any CPU
		{30FACAD8-2F8A-4B59-9314-1180A881FCA3}.Release|Any CPU.Build.0 = Release|Any CPU
		{00194255-5227-46D5-AA6F-65B82C65F67E}.Debug|Any CPU.ActiveCfg = Debug|Any CPU
		{00194255-5227-46D5-AA6F-65B82C65F67E}.Debug|Any CPU.Build.0 = Debug|Any CPU
		{00194255-5227-46D5-AA6F-65B82C65F67E}.Release|Any CPU.ActiveCfg = Release|Any CPU
		{00194255-5227-46D5-AA6F-65B82C65F67E}.Release|Any CPU.Build.0 = Release|Any CPU
		{83B2BEEC-4DF0-43C5-9EF7-B5E475D0CDE2}.Debug|Any CPU.ActiveCfg = Debug|Any CPU
		{83B2BEEC-4DF0-43C5-9EF7-B5E475D0CDE2}.Debug|Any CPU.Build.0 = Debug|Any CPU
		{83B2BEEC-4DF0-43C5-9EF7-B5E475D0CDE2}.Release|Any CPU.ActiveCfg = Release|Any CPU
		{83B2BEEC-4DF0-43C5-9EF7-B5E475D0CDE2}.Release|Any CPU.Build.0 = Release|Any CPU
		{6A22CF43-0BFE-4322-B403-15357CAA168A}.Debug|Any CPU.ActiveCfg = Debug|Any CPU
		{6A22CF43-0BFE-4322-B403-15357CAA168A}.Debug|Any CPU.Build.0 = Debug|Any CPU
		{6A22CF43-0BFE-4322-B403-15357CAA168A}.Release|Any CPU.ActiveCfg = Release|Any CPU
		{6A22CF43-0BFE-4322-B403-15357CAA168A}.Release|Any CPU.Build.0 = Release|Any CPU
		{77955B28-B1BF-4A72-9907-C55FBCDC918C}.Debug|Any CPU.ActiveCfg = Debug|Any CPU
		{77955B28-B1BF-4A72-9907-C55FBCDC918C}.Debug|Any CPU.Build.0 = Debug|Any CPU
		{77955B28-B1BF-4A72-9907-C55FBCDC918C}.Release|Any CPU.ActiveCfg = Release|Any CPU
		{77955B28-B1BF-4A72-9907-C55FBCDC918C}.Release|Any CPU.Build.0 = Release|Any CPU
		{53D1D9D6-6A40-4708-8570-658231C62C18}.Debug|Any CPU.ActiveCfg = Debug|Any CPU
		{53D1D9D6-6A40-4708-8570-658231C62C18}.Debug|Any CPU.Build.0 = Debug|Any CPU
		{53D1D9D6-6A40-4708-8570-658231C62C18}.Release|Any CPU.ActiveCfg = Release|Any CPU
		{53D1D9D6-6A40-4708-8570-658231C62C18}.Release|Any CPU.Build.0 = Release|Any CPU
		{B90E9FCC-C36B-40D0-8E10-A145DB61E62B}.Debug|Any CPU.ActiveCfg = Debug|Any CPU
		{B90E9FCC-C36B-40D0-8E10-A145DB61E62B}.Debug|Any CPU.Build.0 = Debug|Any CPU
		{B90E9FCC-C36B-40D0-8E10-A145DB61E62B}.Release|Any CPU.ActiveCfg = Release|Any CPU
		{B90E9FCC-C36B-40D0-8E10-A145DB61E62B}.Release|Any CPU.Build.0 = Release|Any CPU
		{8C6908B1-9EB4-4FB8-806E-08CD23FAC79B}.Debug|Any CPU.ActiveCfg = Debug|Any CPU
		{8C6908B1-9EB4-4FB8-806E-08CD23FAC79B}.Debug|Any CPU.Build.0 = Debug|Any CPU
		{8C6908B1-9EB4-4FB8-806E-08CD23FAC79B}.Release|Any CPU.ActiveCfg = Release|Any CPU
		{8C6908B1-9EB4-4FB8-806E-08CD23FAC79B}.Release|Any CPU.Build.0 = Release|Any CPU
		{CFB5661A-2B89-4937-A337-76EE44F7964E}.Debug|Any CPU.ActiveCfg = Debug|Any CPU
		{CFB5661A-2B89-4937-A337-76EE44F7964E}.Debug|Any CPU.Build.0 = Debug|Any CPU
		{CFB5661A-2B89-4937-A337-76EE44F7964E}.Release|Any CPU.ActiveCfg = Release|Any CPU
		{CFB5661A-2B89-4937-A337-76EE44F7964E}.Release|Any CPU.Build.0 = Release|Any CPU
	EndGlobalSection
	GlobalSection(SolutionProperties) = preSolution
		HideSolutionNode = FALSE
	EndGlobalSection
	GlobalSection(NestedProjects) = preSolution
		{30FACAD8-2F8A-4B59-9314-1180A881FCA3} = {36D591C7-65C7-A0D1-1CBC-10CDE441BDC8}
		{00194255-5227-46D5-AA6F-65B82C65F67E} = {36D591C7-65C7-A0D1-1CBC-10CDE441BDC8}
		{83B2BEEC-4DF0-43C5-9EF7-B5E475D0CDE2} = {36D591C7-65C7-A0D1-1CBC-10CDE441BDC8}
		{6A22CF43-0BFE-4322-B403-15357CAA168A} = {70BFF062-E78F-421F-AA6E-E04B5B644586}
		{77955B28-B1BF-4A72-9907-C55FBCDC918C} = {70BFF062-E78F-421F-AA6E-E04B5B644586}
		{53D1D9D6-6A40-4708-8570-658231C62C18} = {70BFF062-E78F-421F-AA6E-E04B5B644586}
		{B90E9FCC-C36B-40D0-8E10-A145DB61E62B} = {4D27DFC9-1290-41BF-A4FC-90F1A0896F57}
		{8C6908B1-9EB4-4FB8-806E-08CD23FAC79B} = {4D27DFC9-1290-41BF-A4FC-90F1A0896F57}
		{CFB5661A-2B89-4937-A337-76EE44F7964E} = {4D27DFC9-1290-41BF-A4FC-90F1A0896F57}
	EndGlobalSection
	GlobalSection(ExtensibilityGlobals) = postSolution
		SolutionGuid = {4BBCE156-23C6-41C0-B95E-4760E75DEBFB}
	EndGlobalSection
EndGlobal
